schema: '2.0'
stages:
  generate_data:
    cmd: "python scripts/generate_fba_data.py --model-path model/ECC2comp_configured
      --vman ACKr --condition anaerobic --n-samples 1001\n"
    deps:
    - path: scripts/generate_fba_data.py
      hash: md5
      md5: 06275fd256b0e67c8a3815e1b9100559
      size: 3796
    - path: src/FBA_data_generation.py
      hash: md5
      md5: 4119d1bb355efc122ac5ec225f95336f
      size: 5346
    - path: src/flux_config.py
      hash: md5
      md5: da3168738b02582dc628cf1741ff145f
      size: 603
    params:
      params.yaml:
        data.condition: anaerobic
        data.n_samples: 1001
        data.vman: ACKr
    outs:
    - path: data/fba_data_ACKr_anaerobic.npz
      hash: md5
      md5: b0def8f6e93f348553f3c87bda36b886
      size: 25880
  train_surrogate:
    cmd: "python scripts/train_surrogate.py --vman ACKr --condition anaerobic --hidden-dim
      4 --epochs 501 --patience 50 --lr 0.001 --model-name ACKr_trained_model_input-1_output-4_hidden-4\n"
    deps:
    - path: data/fba_data_ACKr_anaerobic.npz
      hash: md5
      md5: b0def8f6e93f348553f3c87bda36b886
      size: 25880
    - path: scripts/train_surrogate.py
      hash: md5
      md5: 49b762e45d1d41fa991d77845d383efb
      size: 4887
    - path: src/flux_config.py
      hash: md5
      md5: da3168738b02582dc628cf1741ff145f
      size: 603
    - path: src/runtime_utils.py
      hash: md5
      md5: c11a4338394827484ac56ddd68772802
      size: 2135
    - path: src/surrogateNN.py
      hash: md5
      md5: 8c6d763329b0b803f61a5c9bb3af90b5
      size: 6087
    params:
      params.yaml:
        training.epochs: 501
        training.hidden_dim: 4
        training.lr: 0.001
        training.patience: 50
    outs:
    - path: trained_models/ACKr_trained_model_input-1_output-4_hidden-4.pt
      hash: md5
      md5: c67a02aac888f07df66a38b3e3f7fc89
      size: 4623
  optimize:
    cmd: "python scripts/optimize_vman.py --checkpoint trained_models/ACKr_trained_model_input-1_output-4_hidden-4.pt
      --t-start 0.0 --t-end 15.0 --num-intervals 40 --n-eval 1000 --objective ethanol
      --initial-state 10.0 0.0 0.01 --output-path results/optimize_vman_ACKr_hidden-4_tend-15.0_N-40.npz
      --logs-path results/optimize_vman_ACKr_hidden-4_tend-15.0_N-40_logs.npz\n"
    deps:
    - path: scripts/optimize_vman.py
      hash: md5
      md5: 3f5cb5a3ee5e61579ab3aeba052cb740
      size: 5877
    - path: src/
      hash: md5
      md5: 3ec3bb5e5569c3af4c4a96c7e0d9bdd0.dir
      size: 46780
      nfiles: 15
    - path: trained_models/ACKr_trained_model_input-1_output-4_hidden-4.pt
      hash: md5
      md5: c67a02aac888f07df66a38b3e3f7fc89
      size: 4623
    params:
      params.yaml:
        optimize:
          t_start: 0.0
          t_end: 15.0
          num_intervals: 40
          n_eval: 1000
          objective: ethanol
          initial_state: 10.0 0.0 0.01
    outs:
    - path: results/optimize_vman_ACKr_hidden-4_tend-15.0_N-40.npz
      hash: md5
      md5: 7d110a4f6cc14592ba62454c2a0b7a0d
      size: 24135
    - path: results/optimize_vman_ACKr_hidden-4_tend-15.0_N-40_logs.npz
      hash: md5
      md5: 48ce2da7827d60ff6151b730b0b1bfc2
      size: 3582426
  plot:
    cmd: "python scripts/plot_optimize_vman.py --results results/optimize_vman_ACKr_hidden-4_tend-15.0_N-40.npz
      --logs results/optimize_vman_ACKr_hidden-4_tend-15.0_N-40_logs.npz --outdir
      plots/tend-15.0_N-40\n"
    deps:
    - path: results/optimize_vman_ACKr_hidden-4_tend-15.0_N-40.npz
      hash: md5
      md5: 7d110a4f6cc14592ba62454c2a0b7a0d
      size: 24135
    - path: results/optimize_vman_ACKr_hidden-4_tend-15.0_N-40_logs.npz
      hash: md5
      md5: 48ce2da7827d60ff6151b730b0b1bfc2
      size: 3582426
    - path: scripts/plot_optimize_vman.py
      hash: md5
      md5: cddfc0992c775abdf95a413abc2d418e
      size: 8887
    outs:
    - path: plots/tend-15.0_N-40/
      hash: md5
      md5: f54dcf3731f75e2a5bf3d7f7b2c5d1c2.dir
      size: 467039
      nfiles: 2
