schema: '2.0'
stages:
  generate_data:
    cmd: "python scripts/generate_fba_data.py --model-path model/iML1515.xml --vman
      ACKr --condition anaerobic --n-samples 1000\n"
    deps:
    - path: scripts/generate_fba_data.py
      hash: md5
      md5: 785548a1a8109b0de912fdc9f998e94e
      size: 3439
    - path: src/
      hash: md5
      md5: 13eaa90692b71427085105f79cfad4f1.dir
      size: 44550
      nfiles: 15
    params:
      params.yaml:
        data.condition: anaerobic
        data.n_samples: 1000
        data.vman: ACKr
    outs:
    - path: data/fba_data_ACKr_anaerobic.npz
      hash: md5
      md5: 1958ce0f0dd7cdcebfe9f80486db90b4
      size: 20531
  train_surrogate:
    cmd: "python scripts/train_surrogate.py --vman ACKr --condition anaerobic --hidden-dim
      4 --epochs 500 --patience 50 --lr 0.001 --model-name ACKr_trained_model_input-1_output-4_hidden-4\n"
    deps:
    - path: data/fba_data_ACKr_anaerobic.npz
      hash: md5
      md5: 1958ce0f0dd7cdcebfe9f80486db90b4
      size: 20531
    - path: scripts/train_surrogate.py
      hash: md5
      md5: 49b762e45d1d41fa991d77845d383efb
      size: 4887
    - path: src/
      hash: md5
      md5: 13eaa90692b71427085105f79cfad4f1.dir
      size: 44550
      nfiles: 15
    params:
      params.yaml:
        training.epochs: 500
        training.hidden_dim: 4
        training.lr: 0.001
        training.patience: 50
    outs:
    - path: trained_models/ACKr_trained_model_input-1_output-4_hidden-4.pt
      hash: md5
      md5: 3ae06e47bc50297f06acdb1c73d79352
      size: 4623
  optimize:
    cmd: "python scripts/optimize_vman.py --checkpoint trained_models/ACKr_trained_model_input-1_output-4_hidden-4.pt
      --t-start 0.0 --t-end 12.0 --num-intervals 20 --n-eval 1000 --bounds-lower -32.0
      --bounds-upper 12.0 --initial-state 10.0 0.0 0.01 --output-path results/optimize_vman_ACKr_hidden-4_tend-12.0_N-20.npz
      --logs-path results/optimize_vman_ACKr_hidden-4_tend-12.0_N-20_logs.npz\n"
    deps:
    - path: scripts/optimize_vman.py
      hash: md5
      md5: d96672385131785226c646172de93eda
      size: 5737
    - path: src/
      hash: md5
      md5: 88e84cd809ee7580d5cdde58f670431b.dir
      size: 44554
      nfiles: 15
    - path: trained_models/ACKr_trained_model_input-1_output-4_hidden-4.pt
      hash: md5
      md5: 3ae06e47bc50297f06acdb1c73d79352
      size: 4623
    params:
      params.yaml:
        optimize:
          t_start: 0.0
          t_end: 12.0
          num_intervals: 20
          n_eval: 1000
          bounds_lower: -32.0
          bounds_upper: 12.0
          initial_state: 10.0 0.0 0.01
    outs:
    - path: results/optimize_vman_ACKr_hidden-4_tend-12.0_N-20.npz
      hash: md5
      md5: 9447509baae37ce088a6484f28be025c
      size: 12927
    - path: results/optimize_vman_ACKr_hidden-4_tend-12.0_N-20_logs.npz
      hash: md5
      md5: 926cdfd9ddbebcdecc0b445463456c5b
      size: 10671623
  plot:
    cmd: "python scripts/plot_optimize_vman.py --results results/optimize_vman_ACKr_hidden-4_tend-12.0_N-20.npz
      --logs results/optimize_vman_ACKr_hidden-4_tend-12.0_N-20_logs.npz --outdir
      plots/tend-12.0_N-20\n"
    deps:
    - path: results/optimize_vman_ACKr_hidden-4_tend-12.0_N-20.npz
      hash: md5
      md5: 9447509baae37ce088a6484f28be025c
      size: 12927
    - path: results/optimize_vman_ACKr_hidden-4_tend-12.0_N-20_logs.npz
      hash: md5
      md5: 926cdfd9ddbebcdecc0b445463456c5b
      size: 10671623
    - path: scripts/plot_optimize_vman.py
      hash: md5
      md5: 9d23b41558f5a005acbb088b189fa710
      size: 6868
    outs:
    - path: plots/tend-12.0_N-20/
      hash: md5
      md5: c14a3b64d9f79ad1b45a68180943b8d5.dir
      size: 959228
      nfiles: 2
